github.com/FortAwesome/Font-Awesome v0.0.0-20240108205627-a1232e345536/go.mod h1:IUgezN/MFpCDIlFezw3L8j83oeiIuYoj28Miwr/KUYo=
github.com/google/docsy v0.9.0 h1:FDbPR9UvKqBFJmN3cT5pNB2rTL+f51YyTRo+g2cJui4=
github.com/google/docsy v0.9.0/go.mod h1:saOqKEUOn07Bc0orM/JdIF3VkOanHta9LU5Y53bwN2U=
github.com/twbs/bootstrap v5.2.3+incompatible h1:lOmsJx587qfF7/gE7Vv4FxEofegyJlEACeVV+Mt7cgc=
github.com/twbs/bootstrap v5.2.3+incompatible/go.mod h1:fZTSrkpSf0/HkL0IIJzvVspTt1r9zuf7XlZau8kpcY0=
